// !$*UTF8*$!
{
	archiveVersion = 1;
	classes = {
	};
	objectVersion = 77;
	objects = {

/* Begin PBXBuildFile section */
		F2E48B742DA4344A0072EF41 /* Assets.xcassets in Resources */ = {isa = PBXBuildFile; fileRef = F2E48B702DA4344A0072EF41 /* Assets.xcassets */; };
		F2E48B752DA4344A0072EF41 /* TrendingListView.swift in Sources */ = {isa = PBXBuildFile; fileRef = F2E48B712DA4344A0072EF41 /* TrendingListView.swift */; };
		F2E48B762DA4344A0072EF41 /* GithubTrendingApp.swift in Sources */ = {isa = PBXBuildFile; fileRef = F2E48B722DA4344A0072EF41 /* GithubTrendingApp.swift */; };
		F2E48B792DA434550072EF41 /* SwiftSoupTrendingExtractorTests.swift in Sources */ = {isa = PBXBuildFile; fileRef = F2E48B772DA434550072EF41 /* SwiftSoupTrendingExtractorTests.swift */; };
		F2E48B7D2DA434570072EF41 /* GithubTrendingUITests.swift in Sources */ = {isa = PBXBuildFile; fileRef = F2E48B7A2DA434570072EF41 /* GithubTrendingUITests.swift */; };
		F2E48B7E2DA434570072EF41 /* GithubTrendingUITestsLaunchTests.swift in Sources */ = {isa = PBXBuildFile; fileRef = F2E48B7B2DA434570072EF41 /* GithubTrendingUITestsLaunchTests.swift */; };
		F2E48B812DA45E090072EF41 /* trending.html in Resources */ = {isa = PBXBuildFile; fileRef = F2E48B802DA45CBB0072EF41 /* trending.html */; };
		F2E48B842DA462010072EF41 /* SwiftSoup in Frameworks */ = {isa = PBXBuildFile; productRef = F2E48B832DA462010072EF41 /* SwiftSoup */; };
		F2E48B862DA525450072EF41 /* SwiftSoupTrendingExtractor.swift in Sources */ = {isa = PBXBuildFile; fileRef = F2E48B852DA5253E0072EF41 /* SwiftSoupTrendingExtractor.swift */; };
		F2E48B892DA547040072EF41 /* SampleTrendingRepos.swift in Sources */ = {isa = PBXBuildFile; fileRef = F2E48B882DA546FE0072EF41 /* SampleTrendingRepos.swift */; };
		F2E48B8B2DA547F60072EF41 /* BundleTag.swift in Sources */ = {isa = PBXBuildFile; fileRef = F2E48B8A2DA547F30072EF41 /* BundleTag.swift */; };
		F2E48B8D2DA5BA560072EF41 /* GithubApiClient.swift in Sources */ = {isa = PBXBuildFile; fileRef = F2E48B8C2DA5BA520072EF41 /* GithubApiClient.swift */; };
		F2E48B8F2DA5BA670072EF41 /* GithubApiClientTests.swift in Sources */ = {isa = PBXBuildFile; fileRef = F2E48B8E2DA5BA630072EF41 /* GithubApiClientTests.swift */; };
/* End PBXBuildFile section */

/* Begin PBXContainerItemProxy section */
		F2E48B522DA3E6A20072EF41 /* PBXContainerItemProxy */ = {
			isa = PBXContainerItemProxy;
			containerPortal = F2E48B3C2DA3E6A10072EF41 /* Project object */;
			proxyType = 1;
			remoteGlobalIDString = F2E48B432DA3E6A10072EF41;
			remoteInfo = GithubTrending;
		};
		F2E48B5C2DA3E6A20072EF41 /* PBXContainerItemProxy */ = {
			isa = PBXContainerItemProxy;
			containerPortal = F2E48B3C2DA3E6A10072EF41 /* Project object */;
			proxyType = 1;
			remoteGlobalIDString = F2E48B432DA3E6A10072EF41;
			remoteInfo = GithubTrending;
		};
/* End PBXContainerItemProxy section */

/* Begin PBXFileReference section */
		F2E48B442DA3E6A10072EF41 /* GithubTrending.app */ = {isa = PBXFileReference; explicitFileType = wrapper.application; includeInIndex = 0; path = GithubTrending.app; sourceTree = BUILT_PRODUCTS_DIR; };
		F2E48B512DA3E6A20072EF41 /* GithubTrendingTests.xctest */ = {isa = PBXFileReference; explicitFileType = wrapper.cfbundle; includeInIndex = 0; path = GithubTrendingTests.xctest; sourceTree = BUILT_PRODUCTS_DIR; };
		F2E48B5B2DA3E6A20072EF41 /* GithubTrendingUITests.xctest */ = {isa = PBXFileReference; explicitFileType = wrapper.cfbundle; includeInIndex = 0; path = GithubTrendingUITests.xctest; sourceTree = BUILT_PRODUCTS_DIR; };
		F2E48B6F2DA3E9C80072EF41 /* SampleCode.xcconfig */ = {isa = PBXFileReference; lastKnownFileType = text.xcconfig; path = SampleCode.xcconfig; sourceTree = "<group>"; };
		F2E48B702DA4344A0072EF41 /* Assets.xcassets */ = {isa = PBXFileReference; lastKnownFileType = folder.assetcatalog; path = Assets.xcassets; sourceTree = "<group>"; };
		F2E48B712DA4344A0072EF41 /* TrendingListView.swift */ = {isa = PBXFileReference; lastKnownFileType = sourcecode.swift; path = TrendingListView.swift; sourceTree = "<group>"; };
		F2E48B722DA4344A0072EF41 /* GithubTrendingApp.swift */ = {isa = PBXFileReference; lastKnownFileType = sourcecode.swift; path = GithubTrendingApp.swift; sourceTree = "<group>"; };
		F2E48B772DA434550072EF41 /* SwiftSoupTrendingExtractorTests.swift */ = {isa = PBXFileReference; lastKnownFileType = sourcecode.swift; path = SwiftSoupTrendingExtractorTests.swift; sourceTree = "<group>"; };
		F2E48B7A2DA434570072EF41 /* GithubTrendingUITests.swift */ = {isa = PBXFileReference; lastKnownFileType = sourcecode.swift; path = GithubTrendingUITests.swift; sourceTree = "<group>"; };
		F2E48B7B2DA434570072EF41 /* GithubTrendingUITestsLaunchTests.swift */ = {isa = PBXFileReference; lastKnownFileType = sourcecode.swift; path = GithubTrendingUITestsLaunchTests.swift; sourceTree = "<group>"; };
		F2E48B802DA45CBB0072EF41 /* trending.html */ = {isa = PBXFileReference; lastKnownFileType = text.html; path = trending.html; sourceTree = "<group>"; };
		F2E48B852DA5253E0072EF41 /* SwiftSoupTrendingExtractor.swift */ = {isa = PBXFileReference; lastKnownFileType = sourcecode.swift; path = SwiftSoupTrendingExtractor.swift; sourceTree = "<group>"; };
		F2E48B882DA546FE0072EF41 /* SampleTrendingRepos.swift */ = {isa = PBXFileReference; lastKnownFileType = sourcecode.swift; path = SampleTrendingRepos.swift; sourceTree = "<group>"; };
		F2E48B8A2DA547F30072EF41 /* BundleTag.swift */ = {isa = PBXFileReference; lastKnownFileType = sourcecode.swift; path = BundleTag.swift; sourceTree = "<group>"; };
		F2E48B8C2DA5BA520072EF41 /* GithubApiClient.swift */ = {isa = PBXFileReference; lastKnownFileType = sourcecode.swift; path = GithubApiClient.swift; sourceTree = "<group>"; };
		F2E48B8E2DA5BA630072EF41 /* GithubApiClientTests.swift */ = {isa = PBXFileReference; lastKnownFileType = sourcecode.swift; path = GithubApiClientTests.swift; sourceTree = "<group>"; };
/* End PBXFileReference section */

/* Begin PBXFrameworksBuildPhase section */
		F2E48B412DA3E6A10072EF41 /* Frameworks */ = {
			isa = PBXFrameworksBuildPhase;
			buildActionMask = 2147483647;
			files = (
				F2E48B842DA462010072EF41 /* SwiftSoup in Frameworks */,
			);
			runOnlyForDeploymentPostprocessing = 0;
		};
		F2E48B4E2DA3E6A20072EF41 /* Frameworks */ = {
			isa = PBXFrameworksBuildPhase;
			buildActionMask = 2147483647;
			files = (
			);
			runOnlyForDeploymentPostprocessing = 0;
		};
		F2E48B582DA3E6A20072EF41 /* Frameworks */ = {
			isa = PBXFrameworksBuildPhase;
			buildActionMask = 2147483647;
			files = (
			);
			runOnlyForDeploymentPostprocessing = 0;
		};
/* End PBXFrameworksBuildPhase section */

/* Begin PBXGroup section */
		F2E48B3B2DA3E6A10072EF41 = {
			isa = PBXGroup;
			children = (
				F2E48B7F2DA45C9F0072EF41 /* DevelopmentAssets */,
				F2E48B6E2DA3E9BF0072EF41 /* Configuration */,
				F2E48B732DA4344A0072EF41 /* GithubTrending */,
				F2E48B782DA434550072EF41 /* GithubTrendingTests */,
				F2E48B7C2DA434570072EF41 /* GithubTrendingUITests */,
				F2E48B452DA3E6A10072EF41 /* Products */,
			);
			sourceTree = "<group>";
		};
		F2E48B452DA3E6A10072EF41 /* Products */ = {
			isa = PBXGroup;
			children = (
				F2E48B442DA3E6A10072EF41 /* GithubTrending.app */,
				F2E48B512DA3E6A20072EF41 /* GithubTrendingTests.xctest */,
				F2E48B5B2DA3E6A20072EF41 /* GithubTrendingUITests.xctest */,
			);
			name = Products;
			sourceTree = "<group>";
		};
		F2E48B6E2DA3E9BF0072EF41 /* Configuration */ = {
			isa = PBXGroup;
			children = (
				F2E48B6F2DA3E9C80072EF41 /* SampleCode.xcconfig */,
			);
			path = Configuration;
			sourceTree = "<group>";
		};
		F2E48B732DA4344A0072EF41 /* GithubTrending */ = {
			isa = PBXGroup;
			children = (
				F2E48B8C2DA5BA520072EF41 /* GithubApiClient.swift */,
				F2E48B852DA5253E0072EF41 /* SwiftSoupTrendingExtractor.swift */,
				F2E48B702DA4344A0072EF41 /* Assets.xcassets */,
				F2E48B712DA4344A0072EF41 /* TrendingListView.swift */,
				F2E48B722DA4344A0072EF41 /* GithubTrendingApp.swift */,
			);
			path = GithubTrending;
			sourceTree = "<group>";
		};
		F2E48B782DA434550072EF41 /* GithubTrendingTests */ = {
			isa = PBXGroup;
			children = (
				F2E48B8E2DA5BA630072EF41 /* GithubApiClientTests.swift */,
				F2E48B872DA546F00072EF41 /* SupportingFiles */,
				F2E48B772DA434550072EF41 /* SwiftSoupTrendingExtractorTests.swift */,
			);
			path = GithubTrendingTests;
			sourceTree = "<group>";
		};
		F2E48B7C2DA434570072EF41 /* GithubTrendingUITests */ = {
			isa = PBXGroup;
			children = (
				F2E48B7A2DA434570072EF41 /* GithubTrendingUITests.swift */,
				F2E48B7B2DA434570072EF41 /* GithubTrendingUITestsLaunchTests.swift */,
			);
			path = GithubTrendingUITests;
			sourceTree = "<group>";
		};
		F2E48B7F2DA45C9F0072EF41 /* DevelopmentAssets */ = {
			isa = PBXGroup;
			children = (
				F2E48B802DA45CBB0072EF41 /* trending.html */,
			);
			path = DevelopmentAssets;
			sourceTree = "<group>";
		};
		F2E48B872DA546F00072EF41 /* SupportingFiles */ = {
			isa = PBXGroup;
			children = (
				F2E48B8A2DA547F30072EF41 /* BundleTag.swift */,
				F2E48B882DA546FE0072EF41 /* SampleTrendingRepos.swift */,
			);
			path = SupportingFiles;
			sourceTree = "<group>";
		};
/* End PBXGroup section */

/* Begin PBXNativeTarget section */
		F2E48B432DA3E6A10072EF41 /* GithubTrending */ = {
			isa = PBXNativeTarget;
			buildConfigurationList = F2E48B652DA3E6A20072EF41 /* Build configuration list for PBXNativeTarget "GithubTrending" */;
			buildPhases = (
				F2E48B402DA3E6A10072EF41 /* Sources */,
				F2E48B412DA3E6A10072EF41 /* Frameworks */,
				F2E48B422DA3E6A10072EF41 /* Resources */,
			);
			buildRules = (
			);
			dependencies = (
			);
			name = GithubTrending;
			packageProductDependencies = (
				F2E48B832DA462010072EF41 /* SwiftSoup */,
			);
			productName = GithubTrending;
			productReference = F2E48B442DA3E6A10072EF41 /* GithubTrending.app */;
			productType = "com.apple.product-type.application";
		};
		F2E48B502DA3E6A20072EF41 /* GithubTrendingTests */ = {
			isa = PBXNativeTarget;
			buildConfigurationList = F2E48B682DA3E6A20072EF41 /* Build configuration list for PBXNativeTarget "GithubTrendingTests" */;
			buildPhases = (
				F2E48B4D2DA3E6A20072EF41 /* Sources */,
				F2E48B4E2DA3E6A20072EF41 /* Frameworks */,
				F2E48B4F2DA3E6A20072EF41 /* Resources */,
			);
			buildRules = (
			);
			dependencies = (
				F2E48B532DA3E6A20072EF41 /* PBXTargetDependency */,
			);
			name = GithubTrendingTests;
			packageProductDependencies = (
			);
			productName = GithubTrendingTests;
			productReference = F2E48B512DA3E6A20072EF41 /* GithubTrendingTests.xctest */;
			productType = "com.apple.product-type.bundle.unit-test";
		};
		F2E48B5A2DA3E6A20072EF41 /* GithubTrendingUITests */ = {
			isa = PBXNativeTarget;
			buildConfigurationList = F2E48B6B2DA3E6A20072EF41 /* Build configuration list for PBXNativeTarget "GithubTrendingUITests" */;
			buildPhases = (
				F2E48B572DA3E6A20072EF41 /* Sources */,
				F2E48B582DA3E6A20072EF41 /* Frameworks */,
				F2E48B592DA3E6A20072EF41 /* Resources */,
			);
			buildRules = (
			);
			dependencies = (
				F2E48B5D2DA3E6A20072EF41 /* PBXTargetDependency */,
			);
			name = GithubTrendingUITests;
			packageProductDependencies = (
			);
			productName = GithubTrendingUITests;
			productReference = F2E48B5B2DA3E6A20072EF41 /* GithubTrendingUITests.xctest */;
			productType = "com.apple.product-type.bundle.ui-testing";
		};
/* End PBXNativeTarget section */

/* Begin PBXProject section */
		F2E48B3C2DA3E6A10072EF41 /* Project object */ = {
			isa = PBXProject;
			attributes = {
				BuildIndependentTargetsInParallel = 1;
				LastSwiftUpdateCheck = 1630;
				LastUpgradeCheck = 1630;
				TargetAttributes = {
					F2E48B432DA3E6A10072EF41 = {
						CreatedOnToolsVersion = 16.3;
					};
					F2E48B502DA3E6A20072EF41 = {
						CreatedOnToolsVersion = 16.3;
						TestTargetID = F2E48B432DA3E6A10072EF41;
					};
					F2E48B5A2DA3E6A20072EF41 = {
						CreatedOnToolsVersion = 16.3;
						TestTargetID = F2E48B432DA3E6A10072EF41;
					};
				};
			};
			buildConfigurationList = F2E48B3F2DA3E6A10072EF41 /* Build configuration list for PBXProject "GithubTrending" */;
			developmentRegion = en;
			hasScannedForEncodings = 0;
			knownRegions = (
				en,
				Base,
			);
			mainGroup = F2E48B3B2DA3E6A10072EF41;
			minimizedProjectReferenceProxies = 1;
			packageReferences = (
				F2E48B822DA462010072EF41 /* XCRemoteSwiftPackageReference "SwiftSoup" */,
			);
			preferredProjectObjectVersion = 77;
			productRefGroup = F2E48B452DA3E6A10072EF41 /* Products */;
			projectDirPath = "";
			projectRoot = "";
			targets = (
				F2E48B432DA3E6A10072EF41 /* GithubTrending */,
				F2E48B502DA3E6A20072EF41 /* GithubTrendingTests */,
				F2E48B5A2DA3E6A20072EF41 /* GithubTrendingUITests */,
			);
		};
/* End PBXProject section */

/* Begin PBXResourcesBuildPhase section */
		F2E48B422DA3E6A10072EF41 /* Resources */ = {
			isa = PBXResourcesBuildPhase;
			buildActionMask = 2147483647;
			files = (
				F2E48B742DA4344A0072EF41 /* Assets.xcassets in Resources */,
			);
			runOnlyForDeploymentPostprocessing = 0;
		};
		F2E48B4F2DA3E6A20072EF41 /* Resources */ = {
			isa = PBXResourcesBuildPhase;
			buildActionMask = 2147483647;
			files = (
				F2E48B812DA45E090072EF41 /* trending.html in Resources */,
			);
			runOnlyForDeploymentPostprocessing = 0;
		};
		F2E48B592DA3E6A20072EF41 /* Resources */ = {
			isa = PBXResourcesBuildPhase;
			buildActionMask = 2147483647;
			files = (
			);
			runOnlyForDeploymentPostprocessing = 0;
		};
/* End PBXResourcesBuildPhase section */

/* Begin PBXSourcesBuildPhase section */
		F2E48B402DA3E6A10072EF41 /* Sources */ = {
			isa = PBXSourcesBuildPhase;
			buildActionMask = 2147483647;
			files = (
				F2E48B8D2DA5BA560072EF41 /* GithubApiClient.swift in Sources */,
				F2E48B862DA525450072EF41 /* SwiftSoupTrendingExtractor.swift in Sources */,
				F2E48B752DA4344A0072EF41 /* TrendingListView.swift in Sources */,
				F2E48B762DA4344A0072EF41 /* GithubTrendingApp.swift in Sources */,
			);
			runOnlyForDeploymentPostprocessing = 0;
		};
		F2E48B4D2DA3E6A20072EF41 /* Sources */ = {
			isa = PBXSourcesBuildPhase;
			buildActionMask = 2147483647;
			files = (
				F2E48B8F2DA5BA670072EF41 /* GithubApiClientTests.swift in Sources */,
				F2E48B8B2DA547F60072EF41 /* BundleTag.swift in Sources */,
				F2E48B892DA547040072EF41 /* SampleTrendingRepos.swift in Sources */,
				F2E48B792DA434550072EF41 /* SwiftSoupTrendingExtractorTests.swift in Sources */,
			);
			runOnlyForDeploymentPostprocessing = 0;
		};
		F2E48B572DA3E6A20072EF41 /* Sources */ = {
			isa = PBXSourcesBuildPhase;
			buildActionMask = 2147483647;
			files = (
				F2E48B7D2DA434570072EF41 /* GithubTrendingUITests.swift in Sources */,
				F2E48B7E2DA434570072EF41 /* GithubTrendingUITestsLaunchTests.swift in Sources */,
			);
			runOnlyForDeploymentPostprocessing = 0;
		};
/* End PBXSourcesBuildPhase section */

/* Begin PBXTargetDependency section */
		F2E48B532DA3E6A20072EF41 /* PBXTargetDependency */ = {
			isa = PBXTargetDependency;
			target = F2E48B432DA3E6A10072EF41 /* GithubTrending */;
			targetProxy = F2E48B522DA3E6A20072EF41 /* PBXContainerItemProxy */;
		};
		F2E48B5D2DA3E6A20072EF41 /* PBXTargetDependency */ = {
			isa = PBXTargetDependency;
			target = F2E48B432DA3E6A10072EF41 /* GithubTrending */;
			targetProxy = F2E48B5C2DA3E6A20072EF41 /* PBXContainerItemProxy */;
		};
/* End PBXTargetDependency section */

/* Begin XCBuildConfiguration section */
		F2E48B632DA3E6A20072EF41 /* Debug */ = {
			isa = XCBuildConfiguration;
			baseConfigurationReference = F2E48B6F2DA3E9C80072EF41 /* SampleCode.xcconfig */;
			buildSettings = {
				ALWAYS_SEARCH_USER_PATHS = NO;
				ASSETCATALOG_COMPILER_GENERATE_SWIFT_ASSET_SYMBOL_EXTENSIONS = YES;
				CLANG_ANALYZER_NONNULL = YES;
				CLANG_ANALYZER_NUMBER_OBJECT_CONVERSION = YES_AGGRESSIVE;
				CLANG_CXX_LANGUAGE_STANDARD = "gnu++20";
				CLANG_ENABLE_MODULES = YES;
				CLANG_ENABLE_OBJC_ARC = YES;
				CLANG_ENABLE_OBJC_WEAK = YES;
				CLANG_WARN_BLOCK_CAPTURE_AUTORELEASING = YES;
				CLANG_WARN_BOOL_CONVERSION = YES;
				CLANG_WARN_COMMA = YES;
				CLANG_WARN_CONSTANT_CONVERSION = YES;
				CLANG_WARN_DEPRECATED_OBJC_IMPLEMENTATIONS = YES;
				CLANG_WARN_DIRECT_OBJC_ISA_USAGE = YES_ERROR;
				CLANG_WARN_DOCUMENTATION_COMMENTS = YES;
				CLANG_WARN_EMPTY_BODY = YES;
				CLANG_WARN_ENUM_CONVERSION = YES;
				CLANG_WARN_INFINITE_RECURSION = YES;
				CLANG_WARN_INT_CONVERSION = YES;
				CLANG_WARN_NON_LITERAL_NULL_CONVERSION = YES;
				CLANG_WARN_OBJC_IMPLICIT_RETAIN_SELF = YES;
				CLANG_WARN_OBJC_LITERAL_CONVERSION = YES;
				CLANG_WARN_OBJC_ROOT_CLASS = YES_ERROR;
				CLANG_WARN_QUOTED_INCLUDE_IN_FRAMEWORK_HEADER = YES;
				CLANG_WARN_RANGE_LOOP_ANALYSIS = YES;
				CLANG_WARN_STRICT_PROTOTYPES = YES;
				CLANG_WARN_SUSPICIOUS_MOVE = YES;
				CLANG_WARN_UNGUARDED_AVAILABILITY = YES_AGGRESSIVE;
				CLANG_WARN_UNREACHABLE_CODE = YES;
				CLANG_WARN__DUPLICATE_METHOD_MATCH = YES;
				COPY_PHASE_STRIP = NO;
				DEBUG_INFORMATION_FORMAT = dwarf;
				DEVELOPMENT_TEAM = Y6SLU4Y7M6;
				ENABLE_STRICT_OBJC_MSGSEND = YES;
				ENABLE_TESTABILITY = YES;
				ENABLE_USER_SCRIPT_SANDBOXING = YES;
				GCC_C_LANGUAGE_STANDARD = gnu17;
				GCC_DYNAMIC_NO_PIC = NO;
				GCC_NO_COMMON_BLOCKS = YES;
				GCC_OPTIMIZATION_LEVEL = 0;
				GCC_PREPROCESSOR_DEFINITIONS = (
					"DEBUG=1",
					"$(inherited)",
				);
				GCC_WARN_64_TO_32_BIT_CONVERSION = YES;
				GCC_WARN_ABOUT_RETURN_TYPE = YES_ERROR;
				GCC_WARN_UNDECLARED_SELECTOR = YES;
				GCC_WARN_UNINITIALIZED_AUTOS = YES_AGGRESSIVE;
				GCC_WARN_UNUSED_FUNCTION = YES;
				GCC_WARN_UNUSED_VARIABLE = YES;
				IPHONEOS_DEPLOYMENT_TARGET = 18.4;
				LOCALIZATION_PREFERS_STRING_CATALOGS = YES;
				MTL_ENABLE_DEBUG_INFO = INCLUDE_SOURCE;
				MTL_FAST_MATH = YES;
				ONLY_ACTIVE_ARCH = YES;
				SDKROOT = iphoneos;
				SWIFT_ACTIVE_COMPILATION_CONDITIONS = "DEBUG $(inherited)";
				SWIFT_OPTIMIZATION_LEVEL = "-Onone";
			};
			name = Debug;
		};
		F2E48B642DA3E6A20072EF41 /* Release */ = {
			isa = XCBuildConfiguration;
			baseConfigurationReference = F2E48B6F2DA3E9C80072EF41 /* SampleCode.xcconfig */;
			buildSettings = {
				ALWAYS_SEARCH_USER_PATHS = NO;
				ASSETCATALOG_COMPILER_GENERATE_SWIFT_ASSET_SYMBOL_EXTENSIONS = YES;
				CLANG_ANALYZER_NONNULL = YES;
				CLANG_ANALYZER_NUMBER_OBJECT_CONVERSION = YES_AGGRESSIVE;
				CLANG_CXX_LANGUAGE_STANDARD = "gnu++20";
				CLANG_ENABLE_MODULES = YES;
				CLANG_ENABLE_OBJC_ARC = YES;
				CLANG_ENABLE_OBJC_WEAK = YES;
				CLANG_WARN_BLOCK_CAPTURE_AUTORELEASING = YES;
				CLANG_WARN_BOOL_CONVERSION = YES;
				CLANG_WARN_COMMA = YES;
				CLANG_WARN_CONSTANT_CONVERSION = YES;
				CLANG_WARN_DEPRECATED_OBJC_IMPLEMENTATIONS = YES;
				CLANG_WARN_DIRECT_OBJC_ISA_USAGE = YES_ERROR;
				CLANG_WARN_DOCUMENTATION_COMMENTS = YES;
				CLANG_WARN_EMPTY_BODY = YES;
				CLANG_WARN_ENUM_CONVERSION = YES;
				CLANG_WARN_INFINITE_RECURSION = YES;
				CLANG_WARN_INT_CONVERSION = YES;
				CLANG_WARN_NON_LITERAL_NULL_CONVERSION = YES;
				CLANG_WARN_OBJC_IMPLICIT_RETAIN_SELF = YES;
				CLANG_WARN_OBJC_LITERAL_CONVERSION = YES;
				CLANG_WARN_OBJC_ROOT_CLASS = YES_ERROR;
				CLANG_WARN_QUOTED_INCLUDE_IN_FRAMEWORK_HEADER = YES;
				CLANG_WARN_RANGE_LOOP_ANALYSIS = YES;
				CLANG_WARN_STRICT_PROTOTYPES = YES;
				CLANG_WARN_SUSPICIOUS_MOVE = YES;
				CLANG_WARN_UNGUARDED_AVAILABILITY = YES_AGGRESSIVE;
				CLANG_WARN_UNREACHABLE_CODE = YES;
				CLANG_WARN__DUPLICATE_METHOD_MATCH = YES;
				COPY_PHASE_STRIP = NO;
				DEBUG_INFORMATION_FORMAT = "dwarf-with-dsym";
				DEVELOPMENT_TEAM = Y6SLU4Y7M6;
				ENABLE_NS_ASSERTIONS = NO;
				ENABLE_STRICT_OBJC_MSGSEND = YES;
				ENABLE_USER_SCRIPT_SANDBOXING = YES;
				GCC_C_LANGUAGE_STANDARD = gnu17;
				GCC_NO_COMMON_BLOCKS = YES;
				GCC_WARN_64_TO_32_BIT_CONVERSION = YES;
				GCC_WARN_ABOUT_RETURN_TYPE = YES_ERROR;
				GCC_WARN_UNDECLARED_SELECTOR = YES;
				GCC_WARN_UNINITIALIZED_AUTOS = YES_AGGRESSIVE;
				GCC_WARN_UNUSED_FUNCTION = YES;
				GCC_WARN_UNUSED_VARIABLE = YES;
				IPHONEOS_DEPLOYMENT_TARGET = 18.4;
				LOCALIZATION_PREFERS_STRING_CATALOGS = YES;
				MTL_ENABLE_DEBUG_INFO = NO;
				MTL_FAST_MATH = YES;
				SDKROOT = iphoneos;
				SWIFT_COMPILATION_MODE = wholemodule;
				VALIDATE_PRODUCT = YES;
			};
			name = Release;
		};
		F2E48B662DA3E6A20072EF41 /* Debug */ = {
			isa = XCBuildConfiguration;
			baseConfigurationReference = F2E48B6F2DA3E9C80072EF41 /* SampleCode.xcconfig */;
			buildSettings = {
				ASSETCATALOG_COMPILER_APPICON_NAME = AppIcon;
				ASSETCATALOG_COMPILER_GLOBAL_ACCENT_COLOR_NAME = AccentColor;
				CODE_SIGN_STYLE = Automatic;
				CURRENT_PROJECT_VERSION = 1;
				DEVELOPMENT_ASSET_PATHS = DevelopmentAssets/trending.html;
				DEVELOPMENT_TEAM = "";
				ENABLE_PREVIEWS = YES;
				GENERATE_INFOPLIST_FILE = YES;
				INFOPLIST_KEY_UIApplicationSceneManifest_Generation = YES;
				INFOPLIST_KEY_UIApplicationSupportsIndirectInputEvents = YES;
				INFOPLIST_KEY_UILaunchScreen_Generation = YES;
				INFOPLIST_KEY_UISupportedInterfaceOrientations_iPad = "UIInterfaceOrientationPortrait UIInterfaceOrientationPortraitUpsideDown UIInterfaceOrientationLandscapeLeft UIInterfaceOrientationLandscapeRight";
				INFOPLIST_KEY_UISupportedInterfaceOrientations_iPhone = "UIInterfaceOrientationPortrait UIInterfaceOrientationLandscapeLeft UIInterfaceOrientationLandscapeRight";
				IPHONEOS_DEPLOYMENT_TARGET = 17.6;
				LD_RUNPATH_SEARCH_PATHS = (
					"$(inherited)",
					"@executable_path/Frameworks",
				);
				MARKETING_VERSION = 1.0;
				PRODUCT_BUNDLE_IDENTIFIER = "com.example.GithubTrending${SAMPLE_CODE_DISAMBIGUATOR}";
				PRODUCT_NAME = "$(TARGET_NAME)";
				SWIFT_EMIT_LOC_STRINGS = YES;
				SWIFT_VERSION = 5.0;
				TARGETED_DEVICE_FAMILY = "1,2";
			};
			name = Debug;
		};
		F2E48B672DA3E6A20072EF41 /* Release */ = {
			isa = XCBuildConfiguration;
			baseConfigurationReference = F2E48B6F2DA3E9C80072EF41 /* SampleCode.xcconfig */;
			buildSettings = {
				ASSETCATALOG_COMPILER_APPICON_NAME = AppIcon;
				ASSETCATALOG_COMPILER_GLOBAL_ACCENT_COLOR_NAME = AccentColor;
				CODE_SIGN_STYLE = Automatic;
				CURRENT_PROJECT_VERSION = 1;
				DEVELOPMENT_ASSET_PATHS = DevelopmentAssets/trending.html;
				DEVELOPMENT_TEAM = "";
				ENABLE_PREVIEWS = YES;
				GENERATE_INFOPLIST_FILE = YES;
				INFOPLIST_KEY_UIApplicationSceneManifest_Generation = YES;
				INFOPLIST_KEY_UIApplicationSupportsIndirectInputEvents = YES;
				INFOPLIST_KEY_UILaunchScreen_Generation = YES;
				INFOPLIST_KEY_UISupportedInterfaceOrientations_iPad = "UIInterfaceOrientationPortrait UIInterfaceOrientationPortraitUpsideDown UIInterfaceOrientationLandscapeLeft UIInterfaceOrientationLandscapeRight";
				INFOPLIST_KEY_UISupportedInterfaceOrientations_iPhone = "UIInterfaceOrientationPortrait UIInterfaceOrientationLandscapeLeft UIInterfaceOrientationLandscapeRight";
				IPHONEOS_DEPLOYMENT_TARGET = 17.6;
				LD_RUNPATH_SEARCH_PATHS = (
					"$(inherited)",
					"@executable_path/Frameworks",
				);
				MARKETING_VERSION = 1.0;
				PRODUCT_BUNDLE_IDENTIFIER = "com.example.GithubTrending${SAMPLE_CODE_DISAMBIGUATOR}";
				PRODUCT_NAME = "$(TARGET_NAME)";
				SWIFT_EMIT_LOC_STRINGS = YES;
				SWIFT_VERSION = 5.0;
				TARGETED_DEVICE_FAMILY = "1,2";
			};
			name = Release;
		};
		F2E48B692DA3E6A20072EF41 /* Debug */ = {
			isa = XCBuildConfiguration;
			baseConfigurationReference = F2E48B6F2DA3E9C80072EF41 /* SampleCode.xcconfig */;
			buildSettings = {
				BUNDLE_LOADER = "$(TEST_HOST)";
				CODE_SIGN_STYLE = Automatic;
				CURRENT_PROJECT_VERSION = 1;
				DEVELOPMENT_TEAM = Y6SLU4Y7M6;
				GENERATE_INFOPLIST_FILE = YES;
				IPHONEOS_DEPLOYMENT_TARGET = 18.4;
				MARKETING_VERSION = 1.0;
				PRODUCT_BUNDLE_IDENTIFIER = com.example.GithubTrendingTests;
				PRODUCT_NAME = "$(TARGET_NAME)";
				SWIFT_EMIT_LOC_STRINGS = NO;
				SWIFT_VERSION = 5.0;
				TARGETED_DEVICE_FAMILY = "1,2";
				TEST_HOST = "$(BUILT_PRODUCTS_DIR)/GithubTrending.app/$(BUNDLE_EXECUTABLE_FOLDER_PATH)/GithubTrending";
			};
			name = Debug;
		};
		F2E48B6A2DA3E6A20072EF41 /* Release */ = {
			isa = XCBuildConfiguration;
			baseConfigurationReference = F2E48B6F2DA3E9C80072EF41 /* SampleCode.xcconfig */;
			buildSettings = {
				BUNDLE_LOADER = "$(TEST_HOST)";
				CODE_SIGN_STYLE = Automatic;
				CURRENT_PROJECT_VERSION = 1;
				DEVELOPMENT_TEAM = Y6SLU4Y7M6;
				GENERATE_INFOPLIST_FILE = YES;
				IPHONEOS_DEPLOYMENT_TARGET = 18.4;
				MARKETING_VERSION = 1.0;
				PRODUCT_BUNDLE_IDENTIFIER = com.example.GithubTrendingTests;
				PRODUCT_NAME = "$(TARGET_NAME)";
				SWIFT_EMIT_LOC_STRINGS = NO;
				SWIFT_VERSION = 5.0;
				TARGETED_DEVICE_FAMILY = "1,2";
				TEST_HOST = "$(BUILT_PRODUCTS_DIR)/GithubTrending.app/$(BUNDLE_EXECUTABLE_FOLDER_PATH)/GithubTrending";
			};
			name = Release;
		};
		F2E48B6C2DA3E6A20072EF41 /* Debug */ = {
			isa = XCBuildConfiguration;
			baseConfigurationReference = F2E48B6F2DA3E9C80072EF41 /* SampleCode.xcconfig */;
			buildSettings = {
				CODE_SIGN_STYLE = Automatic;
				CURRENT_PROJECT_VERSION = 1;
				DEVELOPMENT_TEAM = Y6SLU4Y7M6;
				GENERATE_INFOPLIST_FILE = YES;
				MARKETING_VERSION = 1.0;
				PRODUCT_BUNDLE_IDENTIFIER = com.example.GithubTrendingUITests;
				PRODUCT_NAME = "$(TARGET_NAME)";
				SWIFT_EMIT_LOC_STRINGS = NO;
				SWIFT_VERSION = 5.0;
				TARGETED_DEVICE_FAMILY = "1,2";
				TEST_TARGET_NAME = GithubTrending;
			};
			name = Debug;
		};
		F2E48B6D2DA3E6A20072EF41 /* Release */ = {
			isa = XCBuildConfiguration;
			baseConfigurationReference = F2E48B6F2DA3E9C80072EF41 /* SampleCode.xcconfig */;
			buildSettings = {
				CODE_SIGN_STYLE = Automatic;
				CURRENT_PROJECT_VERSION = 1;
				DEVELOPMENT_TEAM = Y6SLU4Y7M6;
				GENERATE_INFOPLIST_FILE = YES;
				MARKETING_VERSION = 1.0;
				PRODUCT_BUNDLE_IDENTIFIER = com.example.GithubTrendingUITests;
				PRODUCT_NAME = "$(TARGET_NAME)";
				SWIFT_EMIT_LOC_STRINGS = NO;
				SWIFT_VERSION = 5.0;
				TARGETED_DEVICE_FAMILY = "1,2";
				TEST_TARGET_NAME = GithubTrending;
			};
			name = Release;
		};
/* End XCBuildConfiguration section */

/* Begin XCConfigurationList section */
		F2E48B3F2DA3E6A10072EF41 /* Build configuration list for PBXProject "GithubTrending" */ = {
			isa = XCConfigurationList;
			buildConfigurations = (
				F2E48B632DA3E6A20072EF41 /* Debug */,
				F2E48B642DA3E6A20072EF41 /* Release */,
			);
			defaultConfigurationIsVisible = 0;
			defaultConfigurationName = Release;
		};
		F2E48B652DA3E6A20072EF41 /* Build configuration list for PBXNativeTarget "GithubTrending" */ = {
			isa = XCConfigurationList;
			buildConfigurations = (
				F2E48B662DA3E6A20072EF41 /* Debug */,
				F2E48B672DA3E6A20072EF41 /* Release */,
			);
			defaultConfigurationIsVisible = 0;
			defaultConfigurationName = Release;
		};
		F2E48B682DA3E6A20072EF41 /* Build configuration list for PBXNativeTarget "GithubTrendingTests" */ = {
			isa = XCConfigurationList;
			buildConfigurations = (
				F2E48B692DA3E6A20072EF41 /* Debug */,
				F2E48B6A2DA3E6A20072EF41 /* Release */,
			);
			defaultConfigurationIsVisible = 0;
			defaultConfigurationName = Release;
		};
		F2E48B6B2DA3E6A20072EF41 /* Build configuration list for PBXNativeTarget "GithubTrendingUITests" */ = {
			isa = XCConfigurationList;
			buildConfigurations = (
				F2E48B6C2DA3E6A20072EF41 /* Debug */,
				F2E48B6D2DA3E6A20072EF41 /* Release */,
			);
			defaultConfigurationIsVisible = 0;
			defaultConfigurationName = Release;
		};
/* End XCConfigurationList section */

/* Begin XCRemoteSwiftPackageReference section */
		F2E48B822DA462010072EF41 /* XCRemoteSwiftPackageReference "SwiftSoup" */ = {
			isa = XCRemoteSwiftPackageReference;
			repositoryURL = "https://github.com/scinfu/SwiftSoup";
			requirement = {
				kind = upToNextMajorVersion;
				minimumVersion = 2.8.7;
			};
		};
/* End XCRemoteSwiftPackageReference section */

/* Begin XCSwiftPackageProductDependency section */
		F2E48B832DA462010072EF41 /* SwiftSoup */ = {
			isa = XCSwiftPackageProductDependency;
			package = F2E48B822DA462010072EF41 /* XCRemoteSwiftPackageReference "SwiftSoup" */;
			productName = SwiftSoup;
		};
/* End XCSwiftPackageProductDependency section */
	};
	rootObject = F2E48B3C2DA3E6A10072EF41 /* Project object */;
}
