// !$*UTF8*$!
{
	archiveVersion = 1;
	classes = {
	};
	objectVersion = 77;
	objects = {

/* Begin PBXBuildFile section */
		F21CF0372DAC3FE500A6719D /* monthly.html in Resources */ = {isa = PBXBuildFile; fileRef = F21CF0352DAC3FE500A6719D /* monthly.html */; };
		F21CF0382DAC3FE500A6719D /* weekly.html in Resources */ = {isa = PBXBuildFile; fileRef = F21CF0362DAC3FE500A6719D /* weekly.html */; };
		F21CF03B2DACFC6900A6719D /* FakeTrendingService.swift in Sources */ = {isa = PBXBuildFile; fileRef = F21CF03A2DACFC6400A6719D /* FakeTrendingService.swift */; };
		F21CF03D2DAD0B7500A6719D /* FakeTrendingClient.swift in Sources */ = {isa = PBXBuildFile; fileRef = F21CF03C2DAD0B7200A6719D /* FakeTrendingClient.swift */; };
		F21CF03F2DAD0C2800A6719D /* FakeTrendingParser.swift in Sources */ = {isa = PBXBuildFile; fileRef = F21CF03E2DAD0C2400A6719D /* FakeTrendingParser.swift */; };
		F21CF0422DAD0C5A00A6719D /* TrendingParser.swift in Sources */ = {isa = PBXBuildFile; fileRef = F21CF0412DAD0C5500A6719D /* TrendingParser.swift */; };
		F24541B82DAA6F630006CF32 /* TrendingReposService.swift in Sources */ = {isa = PBXBuildFile; fileRef = F24541B72DAA6F5B0006CF32 /* TrendingReposService.swift */; };
		F24541BA2DAA6F7A0006CF32 /* TrendingReposServiceTests.swift in Sources */ = {isa = PBXBuildFile; fileRef = F24541B92DAA6F730006CF32 /* TrendingReposServiceTests.swift */; };
		F24541BC2DAAEFF10006CF32 /* TrendingRepoEntry.swift in Sources */ = {isa = PBXBuildFile; fileRef = F24541BB2DAAEFEE0006CF32 /* TrendingRepoEntry.swift */; };
		F24541BD2DAAF1620006CF32 /* trending.html in Resources */ = {isa = PBXBuildFile; fileRef = F2E48B802DA45CBB0072EF41 /* trending.html */; };
		F24541C12DAAF9A50006CF32 /* TrendingViewModel.swift in Sources */ = {isa = PBXBuildFile; fileRef = F24541C02DAAF9A20006CF32 /* TrendingViewModel.swift */; };
		F24541C42DAB00B40006CF32 /* TrendingViewModelTests.swift in Sources */ = {isa = PBXBuildFile; fileRef = F24541C32DAB00AF0006CF32 /* TrendingViewModelTests.swift */; };
		F24541C62DABE7C50006CF32 /* TrendingRowView.swift in Sources */ = {isa = PBXBuildFile; fileRef = F24541C52DABE7C00006CF32 /* TrendingRowView.swift */; };
		F2AC802B2E52372B00298411 /* MainView.swift in Sources */ = {isa = PBXBuildFile; fileRef = F2AC802A2E52372400298411 /* MainView.swift */; };
		F2E48B742DA4344A0072EF41 /* Assets.xcassets in Resources */ = {isa = PBXBuildFile; fileRef = F2E48B702DA4344A0072EF41 /* Assets.xcassets */; };
		F2E48B752DA4344A0072EF41 /* TrendingListView.swift in Sources */ = {isa = PBXBuildFile; fileRef = F2E48B712DA4344A0072EF41 /* TrendingListView.swift */; };
		F2E48B762DA4344A0072EF41 /* GithubTrendingApp.swift in Sources */ = {isa = PBXBuildFile; fileRef = F2E48B722DA4344A0072EF41 /* GithubTrendingApp.swift */; };
		F2E48B792DA434550072EF41 /* SwiftSoupTrendingParserTests.swift in Sources */ = {isa = PBXBuildFile; fileRef = F2E48B772DA434550072EF41 /* SwiftSoupTrendingParserTests.swift */; };
		F2E48B842DA462010072EF41 /* SwiftSoup in Frameworks */ = {isa = PBXBuildFile; productRef = F2E48B832DA462010072EF41 /* SwiftSoup */; };
		F2E48B862DA525450072EF41 /* SwiftSoupTrendingParser.swift in Sources */ = {isa = PBXBuildFile; fileRef = F2E48B852DA5253E0072EF41 /* SwiftSoupTrendingParser.swift */; };
		F2E48B892DA547040072EF41 /* SampleTrendingRepos.swift in Sources */ = {isa = PBXBuildFile; fileRef = F2E48B882DA546FE0072EF41 /* SampleTrendingRepos.swift */; };
		F2E48B942DA9395C0072EF41 /* GithubTrendingClient.swift in Sources */ = {isa = PBXBuildFile; fileRef = F2E48B932DA939570072EF41 /* GithubTrendingClient.swift */; };
		F2E48B962DA943450072EF41 /* GithubTrendingClientTests.swift in Sources */ = {isa = PBXBuildFile; fileRef = F2E48B952DA9433D0072EF41 /* GithubTrendingClientTests.swift */; };
		F2E48B982DA949940072EF41 /* SwiftTestingTags.swift in Sources */ = {isa = PBXBuildFile; fileRef = F2E48B972DA949910072EF41 /* SwiftTestingTags.swift */; };
		F2E48B9B2DA954610072EF41 /* TrendingClient.swift in Sources */ = {isa = PBXBuildFile; fileRef = F2E48B9A2DA954560072EF41 /* TrendingClient.swift */; };
		F2E48B9D2DA954960072EF41 /* DummyTrendingClient.swift in Sources */ = {isa = PBXBuildFile; fileRef = F2E48B9C2DA9548F0072EF41 /* DummyTrendingClient.swift */; };
		F2E48BA02DA956B90072EF41 /* ClientErrors.swift in Sources */ = {isa = PBXBuildFile; fileRef = F2E48B9F2DA956B60072EF41 /* ClientErrors.swift */; };
		F2E6165E2E4B626B0079ECEA /* TrendingListCollectionView.swift in Sources */ = {isa = PBXBuildFile; fileRef = F2E6165D2E4B62620079ECEA /* TrendingListCollectionView.swift */; };
		F2E616602E4B6C290079ECEA /* TrendingContentView.swift in Sources */ = {isa = PBXBuildFile; fileRef = F2E6165F2E4B6C220079ECEA /* TrendingContentView.swift */; };
/* End PBXBuildFile section */

/* Begin PBXContainerItemProxy section */
		F2E48B522DA3E6A20072EF41 /* PBXContainerItemProxy */ = {
			isa = PBXContainerItemProxy;
			containerPortal = F2E48B3C2DA3E6A10072EF41 /* Project object */;
			proxyType = 1;
			remoteGlobalIDString = F2E48B432DA3E6A10072EF41;
			remoteInfo = GithubTrending;
		};
/* End PBXContainerItemProxy section */

/* Begin PBXFileReference section */
		F21CF0352DAC3FE500A6719D /* monthly.html */ = {isa = PBXFileReference; lastKnownFileType = text.html; path = monthly.html; sourceTree = "<group>"; };
		F21CF0362DAC3FE500A6719D /* weekly.html */ = {isa = PBXFileReference; lastKnownFileType = text.html; path = weekly.html; sourceTree = "<group>"; };
		F21CF03A2DACFC6400A6719D /* FakeTrendingService.swift */ = {isa = PBXFileReference; lastKnownFileType = sourcecode.swift; path = FakeTrendingService.swift; sourceTree = "<group>"; };
		F21CF03C2DAD0B7200A6719D /* FakeTrendingClient.swift */ = {isa = PBXFileReference; lastKnownFileType = sourcecode.swift; path = FakeTrendingClient.swift; sourceTree = "<group>"; };
		F21CF03E2DAD0C2400A6719D /* FakeTrendingParser.swift */ = {isa = PBXFileReference; lastKnownFileType = sourcecode.swift; path = FakeTrendingParser.swift; sourceTree = "<group>"; };
		F21CF0412DAD0C5500A6719D /* TrendingParser.swift */ = {isa = PBXFileReference; lastKnownFileType = sourcecode.swift; path = TrendingParser.swift; sourceTree = "<group>"; };
		F24541B72DAA6F5B0006CF32 /* TrendingReposService.swift */ = {isa = PBXFileReference; lastKnownFileType = sourcecode.swift; path = TrendingReposService.swift; sourceTree = "<group>"; };
		F24541B92DAA6F730006CF32 /* TrendingReposServiceTests.swift */ = {isa = PBXFileReference; lastKnownFileType = sourcecode.swift; path = TrendingReposServiceTests.swift; sourceTree = "<group>"; };
		F24541BB2DAAEFEE0006CF32 /* TrendingRepoEntry.swift */ = {isa = PBXFileReference; lastKnownFileType = sourcecode.swift; path = TrendingRepoEntry.swift; sourceTree = "<group>"; };
		F24541C02DAAF9A20006CF32 /* TrendingViewModel.swift */ = {isa = PBXFileReference; lastKnownFileType = sourcecode.swift; path = TrendingViewModel.swift; sourceTree = "<group>"; };
		F24541C32DAB00AF0006CF32 /* TrendingViewModelTests.swift */ = {isa = PBXFileReference; lastKnownFileType = sourcecode.swift; path = TrendingViewModelTests.swift; sourceTree = "<group>"; };
		F24541C52DABE7C00006CF32 /* TrendingRowView.swift */ = {isa = PBXFileReference; lastKnownFileType = sourcecode.swift; path = TrendingRowView.swift; sourceTree = "<group>"; };
		F24541C82DAC1DDF0006CF32 /* NetworkingTests.xctestplan */ = {isa = PBXFileReference; lastKnownFileType = text; path = NetworkingTests.xctestplan; sourceTree = "<group>"; };
		F2AC802A2E52372400298411 /* MainView.swift */ = {isa = PBXFileReference; lastKnownFileType = sourcecode.swift; path = MainView.swift; sourceTree = "<group>"; };
		F2AC802F2E52437A00298411 /* Info.plist */ = {isa = PBXFileReference; lastKnownFileType = text.plist; path = Info.plist; sourceTree = "<group>"; };
		F2E48B442DA3E6A10072EF41 /* GithubTrending.app */ = {isa = PBXFileReference; explicitFileType = wrapper.application; includeInIndex = 0; path = GithubTrending.app; sourceTree = BUILT_PRODUCTS_DIR; };
		F2E48B512DA3E6A20072EF41 /* GithubTrendingTests.xctest */ = {isa = PBXFileReference; explicitFileType = wrapper.cfbundle; includeInIndex = 0; path = GithubTrendingTests.xctest; sourceTree = BUILT_PRODUCTS_DIR; };
		F2E48B6F2DA3E9C80072EF41 /* SampleCode.xcconfig */ = {isa = PBXFileReference; lastKnownFileType = text.xcconfig; path = SampleCode.xcconfig; sourceTree = "<group>"; };
		F2E48B702DA4344A0072EF41 /* Assets.xcassets */ = {isa = PBXFileReference; lastKnownFileType = folder.assetcatalog; path = Assets.xcassets; sourceTree = "<group>"; };
		F2E48B712DA4344A0072EF41 /* TrendingListView.swift */ = {isa = PBXFileReference; lastKnownFileType = sourcecode.swift; path = TrendingListView.swift; sourceTree = "<group>"; };
		F2E48B722DA4344A0072EF41 /* GithubTrendingApp.swift */ = {isa = PBXFileReference; lastKnownFileType = sourcecode.swift; path = GithubTrendingApp.swift; sourceTree = "<group>"; };
		F2E48B772DA434550072EF41 /* SwiftSoupTrendingParserTests.swift */ = {isa = PBXFileReference; lastKnownFileType = sourcecode.swift; path = SwiftSoupTrendingParserTests.swift; sourceTree = "<group>"; };
		F2E48B802DA45CBB0072EF41 /* trending.html */ = {isa = PBXFileReference; lastKnownFileType = text.html; path = trending.html; sourceTree = "<group>"; };
		F2E48B852DA5253E0072EF41 /* SwiftSoupTrendingParser.swift */ = {isa = PBXFileReference; lastKnownFileType = sourcecode.swift; path = SwiftSoupTrendingParser.swift; sourceTree = "<group>"; };
		F2E48B882DA546FE0072EF41 /* SampleTrendingRepos.swift */ = {isa = PBXFileReference; lastKnownFileType = sourcecode.swift; path = SampleTrendingRepos.swift; sourceTree = "<group>"; };
		F2E48B932DA939570072EF41 /* GithubTrendingClient.swift */ = {isa = PBXFileReference; lastKnownFileType = sourcecode.swift; path = GithubTrendingClient.swift; sourceTree = "<group>"; };
		F2E48B952DA9433D0072EF41 /* GithubTrendingClientTests.swift */ = {isa = PBXFileReference; lastKnownFileType = sourcecode.swift; path = GithubTrendingClientTests.swift; sourceTree = "<group>"; };
		F2E48B972DA949910072EF41 /* SwiftTestingTags.swift */ = {isa = PBXFileReference; lastKnownFileType = sourcecode.swift; path = SwiftTestingTags.swift; sourceTree = "<group>"; };
		F2E48B992DA94B5C0072EF41 /* UnitTests.xctestplan */ = {isa = PBXFileReference; lastKnownFileType = text; name = UnitTests.xctestplan; path = GithubTrendingTests/UnitTests.xctestplan; sourceTree = SOURCE_ROOT; };
		F2E48B9A2DA954560072EF41 /* TrendingClient.swift */ = {isa = PBXFileReference; lastKnownFileType = sourcecode.swift; path = TrendingClient.swift; sourceTree = "<group>"; };
		F2E48B9C2DA9548F0072EF41 /* DummyTrendingClient.swift */ = {isa = PBXFileReference; lastKnownFileType = sourcecode.swift; path = DummyTrendingClient.swift; sourceTree = "<group>"; };
		F2E48B9F2DA956B60072EF41 /* ClientErrors.swift */ = {isa = PBXFileReference; lastKnownFileType = sourcecode.swift; path = ClientErrors.swift; sourceTree = "<group>"; };
		F2E6165D2E4B62620079ECEA /* TrendingListCollectionView.swift */ = {isa = PBXFileReference; lastKnownFileType = sourcecode.swift; path = TrendingListCollectionView.swift; sourceTree = "<group>"; };
		F2E6165F2E4B6C220079ECEA /* TrendingContentView.swift */ = {isa = PBXFileReference; lastKnownFileType = sourcecode.swift; path = TrendingContentView.swift; sourceTree = "<group>"; };
/* End PBXFileReference section */

/* Begin PBXFrameworksBuildPhase section */
		F2E48B412DA3E6A10072EF41 /* Frameworks */ = {
			isa = PBXFrameworksBuildPhase;
			buildActionMask = 2147483647;
			files = (
				F2E48B842DA462010072EF41 /* SwiftSoup in Frameworks */,
			);
			runOnlyForDeploymentPostprocessing = 0;
		};
		F2E48B4E2DA3E6A20072EF41 /* Frameworks */ = {
			isa = PBXFrameworksBuildPhase;
			buildActionMask = 2147483647;
			files = (
			);
			runOnlyForDeploymentPostprocessing = 0;
		};
/* End PBXFrameworksBuildPhase section */

/* Begin PBXGroup section */
		F21CF0392DACFC5D00A6719D /* TestDoubles */ = {
			isa = PBXGroup;
			children = (
				F21CF03E2DAD0C2400A6719D /* FakeTrendingParser.swift */,
				F21CF03C2DAD0B7200A6719D /* FakeTrendingClient.swift */,
				F21CF03A2DACFC6400A6719D /* FakeTrendingService.swift */,
			);
			path = TestDoubles;
			sourceTree = "<group>";
		};
		F21CF0402DAD0C4E00A6719D /* Parser */ = {
			isa = PBXGroup;
			children = (
				F21CF0412DAD0C5500A6719D /* TrendingParser.swift */,
				F2E48B852DA5253E0072EF41 /* SwiftSoupTrendingParser.swift */,
			);
			path = Parser;
			sourceTree = "<group>";
		};
		F24541BF2DAAF98C0006CF32 /* ViewModels */ = {
			isa = PBXGroup;
			children = (
				F24541C02DAAF9A20006CF32 /* TrendingViewModel.swift */,
			);
			path = ViewModels;
			sourceTree = "<group>";
		};
		F24541C22DAB00A50006CF32 /* ViewModels */ = {
			isa = PBXGroup;
			children = (
				F24541C32DAB00AF0006CF32 /* TrendingViewModelTests.swift */,
			);
			path = ViewModels;
			sourceTree = "<group>";
		};
		F2AC802E2E52406A00298411 /* UIKit */ = {
			isa = PBXGroup;
			children = (
				F2E6165F2E4B6C220079ECEA /* TrendingContentView.swift */,
				F2E6165D2E4B62620079ECEA /* TrendingListCollectionView.swift */,
			);
			path = UIKit;
			sourceTree = "<group>";
		};
		F2E48B3B2DA3E6A10072EF41 = {
			isa = PBXGroup;
			children = (
				F2E48B7F2DA45C9F0072EF41 /* DevelopmentAssets */,
				F2E48B6E2DA3E9BF0072EF41 /* Configuration */,
				F2E48B732DA4344A0072EF41 /* GithubTrending */,
				F2E48B782DA434550072EF41 /* GithubTrendingTests */,
				F2E48B452DA3E6A10072EF41 /* Products */,
			);
			sourceTree = "<group>";
		};
		F2E48B452DA3E6A10072EF41 /* Products */ = {
			isa = PBXGroup;
			children = (
				F2E48B442DA3E6A10072EF41 /* GithubTrending.app */,
				F2E48B512DA3E6A20072EF41 /* GithubTrendingTests.xctest */,
			);
			name = Products;
			sourceTree = "<group>";
		};
		F2E48B6E2DA3E9BF0072EF41 /* Configuration */ = {
			isa = PBXGroup;
			children = (
				F2E48B6F2DA3E9C80072EF41 /* SampleCode.xcconfig */,
			);
			path = Configuration;
			sourceTree = "<group>";
		};
		F2E48B732DA4344A0072EF41 /* GithubTrending */ = {
			isa = PBXGroup;
			children = (
				F2AC802F2E52437A00298411 /* Info.plist */,
				F2E48B912DA938830072EF41 /* Model */,
				F2E48B902DA9387A0072EF41 /* Views */,
				F24541BF2DAAF98C0006CF32 /* ViewModels */,
				F2E48B702DA4344A0072EF41 /* Assets.xcassets */,
				F2E48B722DA4344A0072EF41 /* GithubTrendingApp.swift */,
			);
			path = GithubTrending;
			sourceTree = "<group>";
		};
		F2E48B782DA434550072EF41 /* GithubTrendingTests */ = {
			isa = PBXGroup;
			children = (
				F2E48B922DA9388F0072EF41 /* Model */,
				F24541C22DAB00A50006CF32 /* ViewModels */,
				F2E48B872DA546F00072EF41 /* SupportingFiles */,
				F2E48B992DA94B5C0072EF41 /* UnitTests.xctestplan */,
				F24541C82DAC1DDF0006CF32 /* NetworkingTests.xctestplan */,
			);
			path = GithubTrendingTests;
			sourceTree = "<group>";
		};
		F2E48B7F2DA45C9F0072EF41 /* DevelopmentAssets */ = {
			isa = PBXGroup;
			children = (
				F21CF0352DAC3FE500A6719D /* monthly.html */,
				F21CF0362DAC3FE500A6719D /* weekly.html */,
				F2E48B802DA45CBB0072EF41 /* trending.html */,
			);
			path = DevelopmentAssets;
			sourceTree = "<group>";
		};
		F2E48B872DA546F00072EF41 /* SupportingFiles */ = {
			isa = PBXGroup;
			children = (
				F21CF0392DACFC5D00A6719D /* TestDoubles */,
				F2E48B972DA949910072EF41 /* SwiftTestingTags.swift */,
				F2E48B882DA546FE0072EF41 /* SampleTrendingRepos.swift */,
			);
			path = SupportingFiles;
			sourceTree = "<group>";
		};
		F2E48B902DA9387A0072EF41 /* Views */ = {
			isa = PBXGroup;
			children = (
				F2AC802E2E52406A00298411 /* UIKit */,
				F2AC802A2E52372400298411 /* MainView.swift */,
				F24541C52DABE7C00006CF32 /* TrendingRowView.swift */,
				F2E48B712DA4344A0072EF41 /* TrendingListView.swift */,
			);
			path = Views;
			sourceTree = "<group>";
		};
		F2E48B912DA938830072EF41 /* Model */ = {
			isa = PBXGroup;
			children = (
				F21CF0402DAD0C4E00A6719D /* Parser */,
				F2E48B9E2DA955490072EF41 /* Clients */,
				F24541BB2DAAEFEE0006CF32 /* TrendingRepoEntry.swift */,
				F24541B72DAA6F5B0006CF32 /* TrendingReposService.swift */,
			);
			path = Model;
			sourceTree = "<group>";
		};
		F2E48B922DA9388F0072EF41 /* Model */ = {
			isa = PBXGroup;
			children = (
				F2E48BA12DA9599D0072EF41 /* Clients */,
				F2E48B772DA434550072EF41 /* SwiftSoupTrendingParserTests.swift */,
				F24541B92DAA6F730006CF32 /* TrendingReposServiceTests.swift */,
			);
			path = Model;
			sourceTree = "<group>";
		};
		F2E48B9E2DA955490072EF41 /* Clients */ = {
			isa = PBXGroup;
			children = (
				F2E48B9F2DA956B60072EF41 /* ClientErrors.swift */,
				F2E48B9C2DA9548F0072EF41 /* DummyTrendingClient.swift */,
				F2E48B9A2DA954560072EF41 /* TrendingClient.swift */,
				F2E48B932DA939570072EF41 /* GithubTrendingClient.swift */,
			);
			path = Clients;
			sourceTree = "<group>";
		};
		F2E48BA12DA9599D0072EF41 /* Clients */ = {
			isa = PBXGroup;
			children = (
				F2E48B952DA9433D0072EF41 /* GithubTrendingClientTests.swift */,
			);
			path = Clients;
			sourceTree = "<group>";
		};
/* End PBXGroup section */

/* Begin PBXNativeTarget section */
		F2E48B432DA3E6A10072EF41 /* GithubTrending */ = {
			isa = PBXNativeTarget;
			buildConfigurationList = F2E48B652DA3E6A20072EF41 /* Build configuration list for PBXNativeTarget "GithubTrending" */;
			buildPhases = (
				F2E48B402DA3E6A10072EF41 /* Sources */,
				F2E48B412DA3E6A10072EF41 /* Frameworks */,
				F2E48B422DA3E6A10072EF41 /* Resources */,
			);
			buildRules = (
			);
			dependencies = (
			);
			name = GithubTrending;
			packageProductDependencies = (
				F2E48B832DA462010072EF41 /* SwiftSoup */,
			);
			productName = GithubTrending;
			productReference = F2E48B442DA3E6A10072EF41 /* GithubTrending.app */;
			productType = "com.apple.product-type.application";
		};
		F2E48B502DA3E6A20072EF41 /* GithubTrendingTests */ = {
			isa = PBXNativeTarget;
			buildConfigurationList = F2E48B682DA3E6A20072EF41 /* Build configuration list for PBXNativeTarget "GithubTrendingTests" */;
			buildPhases = (
				F2E48B4D2DA3E6A20072EF41 /* Sources */,
				F2E48B4E2DA3E6A20072EF41 /* Frameworks */,
				F2E48B4F2DA3E6A20072EF41 /* Resources */,
			);
			buildRules = (
			);
			dependencies = (
				F2E48B532DA3E6A20072EF41 /* PBXTargetDependency */,
			);
			name = GithubTrendingTests;
			packageProductDependencies = (
			);
			productName = GithubTrendingTests;
			productReference = F2E48B512DA3E6A20072EF41 /* GithubTrendingTests.xctest */;
			productType = "com.apple.product-type.bundle.unit-test";
		};
/* End PBXNativeTarget section */

/* Begin PBXProject section */
		F2E48B3C2DA3E6A10072EF41 /* Project object */ = {
			isa = PBXProject;
			attributes = {
				BuildIndependentTargetsInParallel = 1;
				LastSwiftUpdateCheck = 1630;
				LastUpgradeCheck = 2600;
				TargetAttributes = {
					F2E48B432DA3E6A10072EF41 = {
						CreatedOnToolsVersion = 16.3;
					};
					F2E48B502DA3E6A20072EF41 = {
						CreatedOnToolsVersion = 16.3;
						TestTargetID = F2E48B432DA3E6A10072EF41;
					};
				};
			};
			buildConfigurationList = F2E48B3F2DA3E6A10072EF41 /* Build configuration list for PBXProject "GithubTrending" */;
			developmentRegion = en;
			hasScannedForEncodings = 0;
			knownRegions = (
				en,
				Base,
			);
			mainGroup = F2E48B3B2DA3E6A10072EF41;
			minimizedProjectReferenceProxies = 1;
			packageReferences = (
				F2E48B822DA462010072EF41 /* XCRemoteSwiftPackageReference "SwiftSoup" */,
			);
			preferredProjectObjectVersion = 77;
			productRefGroup = F2E48B452DA3E6A10072EF41 /* Products */;
			projectDirPath = "";
			projectRoot = "";
			targets = (
				F2E48B432DA3E6A10072EF41 /* GithubTrending */,
				F2E48B502DA3E6A20072EF41 /* GithubTrendingTests */,
			);
		};
/* End PBXProject section */

/* Begin PBXResourcesBuildPhase section */
		F2E48B422DA3E6A10072EF41 /* Resources */ = {
			isa = PBXResourcesBuildPhase;
			buildActionMask = 2147483647;
			files = (
				F2E48B742DA4344A0072EF41 /* Assets.xcassets in Resources */,
				F21CF0372DAC3FE500A6719D /* monthly.html in Resources */,
				F21CF0382DAC3FE500A6719D /* weekly.html in Resources */,
				F24541BD2DAAF1620006CF32 /* trending.html in Resources */,
			);
			runOnlyForDeploymentPostprocessing = 0;
		};
		F2E48B4F2DA3E6A20072EF41 /* Resources */ = {
			isa = PBXResourcesBuildPhase;
			buildActionMask = 2147483647;
			files = (
			);
			runOnlyForDeploymentPostprocessing = 0;
		};
/* End PBXResourcesBuildPhase section */

/* Begin PBXSourcesBuildPhase section */
		F2E48B402DA3E6A10072EF41 /* Sources */ = {
			isa = PBXSourcesBuildPhase;
			buildActionMask = 2147483647;
			files = (
				F2E48BA02DA956B90072EF41 /* ClientErrors.swift in Sources */,
				F24541C62DABE7C50006CF32 /* TrendingRowView.swift in Sources */,
				F2E48B9B2DA954610072EF41 /* TrendingClient.swift in Sources */,
				F2E48B942DA9395C0072EF41 /* GithubTrendingClient.swift in Sources */,
				F2E48B9D2DA954960072EF41 /* DummyTrendingClient.swift in Sources */,
				F2E48B862DA525450072EF41 /* SwiftSoupTrendingParser.swift in Sources */,
				F2E48B752DA4344A0072EF41 /* TrendingListView.swift in Sources */,
				F2E616602E4B6C290079ECEA /* TrendingContentView.swift in Sources */,
				F21CF0422DAD0C5A00A6719D /* TrendingParser.swift in Sources */,
				F24541B82DAA6F630006CF32 /* TrendingReposService.swift in Sources */,
				F2E48B762DA4344A0072EF41 /* GithubTrendingApp.swift in Sources */,
				F2E6165E2E4B626B0079ECEA /* TrendingListCollectionView.swift in Sources */,
				F24541BC2DAAEFF10006CF32 /* TrendingRepoEntry.swift in Sources */,
				F2AC802B2E52372B00298411 /* MainView.swift in Sources */,
				F24541C12DAAF9A50006CF32 /* TrendingViewModel.swift in Sources */,
			);
			runOnlyForDeploymentPostprocessing = 0;
		};
		F2E48B4D2DA3E6A20072EF41 /* Sources */ = {
			isa = PBXSourcesBuildPhase;
			buildActionMask = 2147483647;
			files = (
				F24541C42DAB00B40006CF32 /* TrendingViewModelTests.swift in Sources */,
				F2E48B892DA547040072EF41 /* SampleTrendingRepos.swift in Sources */,
				F24541BA2DAA6F7A0006CF32 /* TrendingReposServiceTests.swift in Sources */,
				F21CF03D2DAD0B7500A6719D /* FakeTrendingClient.swift in Sources */,
				F2E48B962DA943450072EF41 /* GithubTrendingClientTests.swift in Sources */,
				F21CF03F2DAD0C2800A6719D /* FakeTrendingParser.swift in Sources */,
				F2E48B792DA434550072EF41 /* SwiftSoupTrendingParserTests.swift in Sources */,
				F2E48B982DA949940072EF41 /* SwiftTestingTags.swift in Sources */,
				F21CF03B2DACFC6900A6719D /* FakeTrendingService.swift in Sources */,
			);
			runOnlyForDeploymentPostprocessing = 0;
		};
/* End PBXSourcesBuildPhase section */

/* Begin PBXTargetDependency section */
		F2E48B532DA3E6A20072EF41 /* PBXTargetDependency */ = {
			isa = PBXTargetDependency;
			target = F2E48B432DA3E6A10072EF41 /* GithubTrending */;
			targetProxy = F2E48B522DA3E6A20072EF41 /* PBXContainerItemProxy */;
		};
/* End PBXTargetDependency section */

/* Begin XCBuildConfiguration section */
		F2E48B632DA3E6A20072EF41 /* Debug */ = {
			isa = XCBuildConfiguration;
			baseConfigurationReference = F2E48B6F2DA3E9C80072EF41 /* SampleCode.xcconfig */;
			buildSettings = {
				ALWAYS_SEARCH_USER_PATHS = NO;
				ASSETCATALOG_COMPILER_GENERATE_SWIFT_ASSET_SYMBOL_EXTENSIONS = YES;
				CLANG_ANALYZER_NONNULL = YES;
				CLANG_ANALYZER_NUMBER_OBJECT_CONVERSION = YES_AGGRESSIVE;
				CLANG_CXX_LANGUAGE_STANDARD = "gnu++20";
				CLANG_ENABLE_MODULES = YES;
				CLANG_ENABLE_OBJC_ARC = YES;
				CLANG_ENABLE_OBJC_WEAK = YES;
				CLANG_WARN_BLOCK_CAPTURE_AUTORELEASING = YES;
				CLANG_WARN_BOOL_CONVERSION = YES;
				CLANG_WARN_COMMA = YES;
				CLANG_WARN_CONSTANT_CONVERSION = YES;
				CLANG_WARN_DEPRECATED_OBJC_IMPLEMENTATIONS = YES;
				CLANG_WARN_DIRECT_OBJC_ISA_USAGE = YES_ERROR;
				CLANG_WARN_DOCUMENTATION_COMMENTS = YES;
				CLANG_WARN_EMPTY_BODY = YES;
				CLANG_WARN_ENUM_CONVERSION = YES;
				CLANG_WARN_INFINITE_RECURSION = YES;
				CLANG_WARN_INT_CONVERSION = YES;
				CLANG_WARN_NON_LITERAL_NULL_CONVERSION = YES;
				CLANG_WARN_OBJC_IMPLICIT_RETAIN_SELF = YES;
				CLANG_WARN_OBJC_LITERAL_CONVERSION = YES;
				CLANG_WARN_OBJC_ROOT_CLASS = YES_ERROR;
				CLANG_WARN_QUOTED_INCLUDE_IN_FRAMEWORK_HEADER = YES;
				CLANG_WARN_RANGE_LOOP_ANALYSIS = YES;
				CLANG_WARN_STRICT_PROTOTYPES = YES;
				CLANG_WARN_SUSPICIOUS_MOVE = YES;
				CLANG_WARN_UNGUARDED_AVAILABILITY = YES_AGGRESSIVE;
				CLANG_WARN_UNREACHABLE_CODE = YES;
				CLANG_WARN__DUPLICATE_METHOD_MATCH = YES;
				COPY_PHASE_STRIP = NO;
				DEBUG_INFORMATION_FORMAT = dwarf;
				DEVELOPMENT_TEAM = Y6SLU4Y7M6;
				ENABLE_STRICT_OBJC_MSGSEND = YES;
				ENABLE_TESTABILITY = YES;
				ENABLE_USER_SCRIPT_SANDBOXING = YES;
				GCC_C_LANGUAGE_STANDARD = gnu17;
				GCC_DYNAMIC_NO_PIC = NO;
				GCC_NO_COMMON_BLOCKS = YES;
				GCC_OPTIMIZATION_LEVEL = 0;
				GCC_PREPROCESSOR_DEFINITIONS = (
					"DEBUG=1",
					"$(inherited)",
				);
				GCC_WARN_64_TO_32_BIT_CONVERSION = YES;
				GCC_WARN_ABOUT_RETURN_TYPE = YES_ERROR;
				GCC_WARN_UNDECLARED_SELECTOR = YES;
				GCC_WARN_UNINITIALIZED_AUTOS = YES_AGGRESSIVE;
				GCC_WARN_UNUSED_FUNCTION = YES;
				GCC_WARN_UNUSED_VARIABLE = YES;
				IPHONEOS_DEPLOYMENT_TARGET = 18.4;
				LOCALIZATION_PREFERS_STRING_CATALOGS = YES;
				MTL_ENABLE_DEBUG_INFO = INCLUDE_SOURCE;
				MTL_FAST_MATH = YES;
				ONLY_ACTIVE_ARCH = YES;
				SDKROOT = iphoneos;
				STRING_CATALOG_GENERATE_SYMBOLS = YES;
				SWIFT_ACTIVE_COMPILATION_CONDITIONS = "DEBUG $(inherited)";
				SWIFT_OPTIMIZATION_LEVEL = "-Onone";
			};
			name = Debug;
		};
		F2E48B642DA3E6A20072EF41 /* Release */ = {
			isa = XCBuildConfiguration;
			baseConfigurationReference = F2E48B6F2DA3E9C80072EF41 /* SampleCode.xcconfig */;
			buildSettings = {
				ALWAYS_SEARCH_USER_PATHS = NO;
				ASSETCATALOG_COMPILER_GENERATE_SWIFT_ASSET_SYMBOL_EXTENSIONS = YES;
				CLANG_ANALYZER_NONNULL = YES;
				CLANG_ANALYZER_NUMBER_OBJECT_CONVERSION = YES_AGGRESSIVE;
				CLANG_CXX_LANGUAGE_STANDARD = "gnu++20";
				CLANG_ENABLE_MODULES = YES;
				CLANG_ENABLE_OBJC_ARC = YES;
				CLANG_ENABLE_OBJC_WEAK = YES;
				CLANG_WARN_BLOCK_CAPTURE_AUTORELEASING = YES;
				CLANG_WARN_BOOL_CONVERSION = YES;
				CLANG_WARN_COMMA = YES;
				CLANG_WARN_CONSTANT_CONVERSION = YES;
				CLANG_WARN_DEPRECATED_OBJC_IMPLEMENTATIONS = YES;
				CLANG_WARN_DIRECT_OBJC_ISA_USAGE = YES_ERROR;
				CLANG_WARN_DOCUMENTATION_COMMENTS = YES;
				CLANG_WARN_EMPTY_BODY = YES;
				CLANG_WARN_ENUM_CONVERSION = YES;
				CLANG_WARN_INFINITE_RECURSION = YES;
				CLANG_WARN_INT_CONVERSION = YES;
				CLANG_WARN_NON_LITERAL_NULL_CONVERSION = YES;
				CLANG_WARN_OBJC_IMPLICIT_RETAIN_SELF = YES;
				CLANG_WARN_OBJC_LITERAL_CONVERSION = YES;
				CLANG_WARN_OBJC_ROOT_CLASS = YES_ERROR;
				CLANG_WARN_QUOTED_INCLUDE_IN_FRAMEWORK_HEADER = YES;
				CLANG_WARN_RANGE_LOOP_ANALYSIS = YES;
				CLANG_WARN_STRICT_PROTOTYPES = YES;
				CLANG_WARN_SUSPICIOUS_MOVE = YES;
				CLANG_WARN_UNGUARDED_AVAILABILITY = YES_AGGRESSIVE;
				CLANG_WARN_UNREACHABLE_CODE = YES;
				CLANG_WARN__DUPLICATE_METHOD_MATCH = YES;
				COPY_PHASE_STRIP = NO;
				DEBUG_INFORMATION_FORMAT = "dwarf-with-dsym";
				DEVELOPMENT_TEAM = Y6SLU4Y7M6;
				ENABLE_NS_ASSERTIONS = NO;
				ENABLE_STRICT_OBJC_MSGSEND = YES;
				ENABLE_USER_SCRIPT_SANDBOXING = YES;
				GCC_C_LANGUAGE_STANDARD = gnu17;
				GCC_NO_COMMON_BLOCKS = YES;
				GCC_WARN_64_TO_32_BIT_CONVERSION = YES;
				GCC_WARN_ABOUT_RETURN_TYPE = YES_ERROR;
				GCC_WARN_UNDECLARED_SELECTOR = YES;
				GCC_WARN_UNINITIALIZED_AUTOS = YES_AGGRESSIVE;
				GCC_WARN_UNUSED_FUNCTION = YES;
				GCC_WARN_UNUSED_VARIABLE = YES;
				IPHONEOS_DEPLOYMENT_TARGET = 18.4;
				LOCALIZATION_PREFERS_STRING_CATALOGS = YES;
				MTL_ENABLE_DEBUG_INFO = NO;
				MTL_FAST_MATH = YES;
				SDKROOT = iphoneos;
				STRING_CATALOG_GENERATE_SYMBOLS = YES;
				SWIFT_COMPILATION_MODE = wholemodule;
				VALIDATE_PRODUCT = YES;
			};
			name = Release;
		};
		F2E48B662DA3E6A20072EF41 /* Debug */ = {
			isa = XCBuildConfiguration;
			baseConfigurationReference = F2E48B6F2DA3E9C80072EF41 /* SampleCode.xcconfig */;
			buildSettings = {
				ASSETCATALOG_COMPILER_APPICON_NAME = AppIcon;
				ASSETCATALOG_COMPILER_GLOBAL_ACCENT_COLOR_NAME = AccentColor;
				CODE_SIGN_STYLE = Automatic;
				CURRENT_PROJECT_VERSION = 1;
				DEVELOPMENT_ASSET_PATHS = DevelopmentAssets;
				DEVELOPMENT_TEAM = Y6SLU4Y7M6;
				ENABLE_PREVIEWS = YES;
				GENERATE_INFOPLIST_FILE = YES;
				INFOPLIST_FILE = GithubTrending/Info.plist;
				INFOPLIST_KEY_UIApplicationSceneManifest_Generation = YES;
				INFOPLIST_KEY_UIApplicationSupportsIndirectInputEvents = YES;
				INFOPLIST_KEY_UILaunchScreen_Generation = YES;
				INFOPLIST_KEY_UISupportedInterfaceOrientations_iPad = "UIInterfaceOrientationPortrait UIInterfaceOrientationPortraitUpsideDown UIInterfaceOrientationLandscapeLeft UIInterfaceOrientationLandscapeRight";
				INFOPLIST_KEY_UISupportedInterfaceOrientations_iPhone = "UIInterfaceOrientationPortrait UIInterfaceOrientationLandscapeLeft UIInterfaceOrientationLandscapeRight";
				IPHONEOS_DEPLOYMENT_TARGET = 17.0;
				LD_RUNPATH_SEARCH_PATHS = (
					"$(inherited)",
					"@executable_path/Frameworks",
				);
				MARKETING_VERSION = 1.0;
				PRODUCT_BUNDLE_IDENTIFIER = "com.example.GithubTrending${SAMPLE_CODE_DISAMBIGUATOR}";
				PRODUCT_NAME = "$(TARGET_NAME)";
				SWIFT_EMIT_LOC_STRINGS = YES;
				SWIFT_UPCOMING_FEATURE_EXISTENTIAL_ANY = YES;
				SWIFT_UPCOMING_FEATURE_MEMBER_IMPORT_VISIBILITY = YES;
				SWIFT_VERSION = 6.0;
				TARGETED_DEVICE_FAMILY = "1,2";
			};
			name = Debug;
		};
		F2E48B672DA3E6A20072EF41 /* Release */ = {
			isa = XCBuildConfiguration;
			baseConfigurationReference = F2E48B6F2DA3E9C80072EF41 /* SampleCode.xcconfig */;
			buildSettings = {
				ASSETCATALOG_COMPILER_APPICON_NAME = AppIcon;
				ASSETCATALOG_COMPILER_GLOBAL_ACCENT_COLOR_NAME = AccentColor;
				CODE_SIGN_STYLE = Automatic;
				CURRENT_PROJECT_VERSION = 1;
				DEVELOPMENT_ASSET_PATHS = DevelopmentAssets;
				DEVELOPMENT_TEAM = Y6SLU4Y7M6;
				ENABLE_PREVIEWS = YES;
				GENERATE_INFOPLIST_FILE = YES;
				INFOPLIST_FILE = GithubTrending/Info.plist;
				INFOPLIST_KEY_UIApplicationSceneManifest_Generation = YES;
				INFOPLIST_KEY_UIApplicationSupportsIndirectInputEvents = YES;
				INFOPLIST_KEY_UILaunchScreen_Generation = YES;
				INFOPLIST_KEY_UISupportedInterfaceOrientations_iPad = "UIInterfaceOrientationPortrait UIInterfaceOrientationPortraitUpsideDown UIInterfaceOrientationLandscapeLeft UIInterfaceOrientationLandscapeRight";
				INFOPLIST_KEY_UISupportedInterfaceOrientations_iPhone = "UIInterfaceOrientationPortrait UIInterfaceOrientationLandscapeLeft UIInterfaceOrientationLandscapeRight";
				IPHONEOS_DEPLOYMENT_TARGET = 17.0;
				LD_RUNPATH_SEARCH_PATHS = (
					"$(inherited)",
					"@executable_path/Frameworks",
				);
				MARKETING_VERSION = 1.0;
				PRODUCT_BUNDLE_IDENTIFIER = "com.example.GithubTrending${SAMPLE_CODE_DISAMBIGUATOR}";
				PRODUCT_NAME = "$(TARGET_NAME)";
				SWIFT_EMIT_LOC_STRINGS = YES;
				SWIFT_UPCOMING_FEATURE_EXISTENTIAL_ANY = YES;
				SWIFT_UPCOMING_FEATURE_MEMBER_IMPORT_VISIBILITY = YES;
				SWIFT_VERSION = 6.0;
				TARGETED_DEVICE_FAMILY = "1,2";
			};
			name = Release;
		};
		F2E48B692DA3E6A20072EF41 /* Debug */ = {
			isa = XCBuildConfiguration;
			baseConfigurationReference = F2E48B6F2DA3E9C80072EF41 /* SampleCode.xcconfig */;
			buildSettings = {
				BUNDLE_LOADER = "$(TEST_HOST)";
				CODE_SIGN_STYLE = Automatic;
				CURRENT_PROJECT_VERSION = 1;
				DEVELOPMENT_TEAM = "";
				GENERATE_INFOPLIST_FILE = YES;
				IPHONEOS_DEPLOYMENT_TARGET = 18.4;
				MARKETING_VERSION = 1.0;
				PRODUCT_BUNDLE_IDENTIFIER = com.example.GithubTrendingTests;
				PRODUCT_NAME = "$(TARGET_NAME)";
				SWIFT_EMIT_LOC_STRINGS = NO;
				SWIFT_VERSION = 5.0;
				TARGETED_DEVICE_FAMILY = "1,2";
				TEST_HOST = "$(BUILT_PRODUCTS_DIR)/GithubTrending.app/$(BUNDLE_EXECUTABLE_FOLDER_PATH)/GithubTrending";
			};
			name = Debug;
		};
		F2E48B6A2DA3E6A20072EF41 /* Release */ = {
			isa = XCBuildConfiguration;
			baseConfigurationReference = F2E48B6F2DA3E9C80072EF41 /* SampleCode.xcconfig */;
			buildSettings = {
				BUNDLE_LOADER = "$(TEST_HOST)";
				CODE_SIGN_STYLE = Automatic;
				CURRENT_PROJECT_VERSION = 1;
				DEVELOPMENT_TEAM = "";
				GENERATE_INFOPLIST_FILE = YES;
				IPHONEOS_DEPLOYMENT_TARGET = 18.4;
				MARKETING_VERSION = 1.0;
				PRODUCT_BUNDLE_IDENTIFIER = com.example.GithubTrendingTests;
				PRODUCT_NAME = "$(TARGET_NAME)";
				SWIFT_EMIT_LOC_STRINGS = NO;
				SWIFT_VERSION = 5.0;
				TARGETED_DEVICE_FAMILY = "1,2";
				TEST_HOST = "$(BUILT_PRODUCTS_DIR)/GithubTrending.app/$(BUNDLE_EXECUTABLE_FOLDER_PATH)/GithubTrending";
			};
			name = Release;
		};
/* End XCBuildConfiguration section */

/* Begin XCConfigurationList section */
		F2E48B3F2DA3E6A10072EF41 /* Build configuration list for PBXProject "GithubTrending" */ = {
			isa = XCConfigurationList;
			buildConfigurations = (
				F2E48B632DA3E6A20072EF41 /* Debug */,
				F2E48B642DA3E6A20072EF41 /* Release */,
			);
			defaultConfigurationIsVisible = 0;
			defaultConfigurationName = Release;
		};
		F2E48B652DA3E6A20072EF41 /* Build configuration list for PBXNativeTarget "GithubTrending" */ = {
			isa = XCConfigurationList;
			buildConfigurations = (
				F2E48B662DA3E6A20072EF41 /* Debug */,
				F2E48B672DA3E6A20072EF41 /* Release */,
			);
			defaultConfigurationIsVisible = 0;
			defaultConfigurationName = Release;
		};
		F2E48B682DA3E6A20072EF41 /* Build configuration list for PBXNativeTarget "GithubTrendingTests" */ = {
			isa = XCConfigurationList;
			buildConfigurations = (
				F2E48B692DA3E6A20072EF41 /* Debug */,
				F2E48B6A2DA3E6A20072EF41 /* Release */,
			);
			defaultConfigurationIsVisible = 0;
			defaultConfigurationName = Release;
		};
/* End XCConfigurationList section */

/* Begin XCRemoteSwiftPackageReference section */
		F2E48B822DA462010072EF41 /* XCRemoteSwiftPackageReference "SwiftSoup" */ = {
			isa = XCRemoteSwiftPackageReference;
			repositoryURL = "https://github.com/scinfu/SwiftSoup";
			requirement = {
				kind = upToNextMajorVersion;
				minimumVersion = 2.8.7;
			};
		};
/* End XCRemoteSwiftPackageReference section */

/* Begin XCSwiftPackageProductDependency section */
		F2E48B832DA462010072EF41 /* SwiftSoup */ = {
			isa = XCSwiftPackageProductDependency;
			package = F2E48B822DA462010072EF41 /* XCRemoteSwiftPackageReference "SwiftSoup" */;
			productName = SwiftSoup;
		};
/* End XCSwiftPackageProductDependency section */
	};
	rootObject = F2E48B3C2DA3E6A10072EF41 /* Project object */;
}
